
Microsoft Visual Studio Solution File, Format Version 12.00
# Visual Studio 15
VisualStudioVersion = 15.0.28306.52
MinimumVisualStudioVersion = 10.0.40219.1
Project("{FAE04EC0-301F-11D3-BF4B-00C04F79EFBC}") = "PracticeWork4Task2", "PracticeWork4Task2\PracticeWork4Task2.csproj", "{7A020221-46BC-4F3E-B4D5-4EB792A149C6}"
EndProject
Global
	GlobalSection(SolutionConfigurationPlatforms) = preSolution
		Debug|Any CPU = Debug|Any CPU
		Release|Any CPU = Release|Any CPU
	EndGlobalSection
	GlobalSection(ProjectConfigurationPlatforms) = postSolution
		{7A020221-46BC-4F3E-B4D5-4EB792A149C6}.Debug|Any CPU.ActiveCfg = Debug|Any CPU
		{7A020221-46BC-4F3E-B4D5-4EB792A149C6}.Debug|Any CPU.Build.0 = Debug|Any CPU
		{7A020221-46BC-4F3E-B4D5-4EB792A149C6}.Release|Any CPU.ActiveCfg = Release|Any CPU
		{7A020221-46BC-4F3E-B4D5-4EB792A149C6}.Release|Any CPU.Build.0 = Release|Any CPU
	EndGlobalSection
	GlobalSection(SolutionProperties) = preSolution
		HideSolutionNode = FALSE
	EndGlobalSection
	GlobalSection(ExtensibilityGlobals) = postSolution
		SolutionGuid = {5987839C-32CD-45C8-879D-2DFDEBDCF6B7}
	EndGlobalSection
EndGlobal
