
Microsoft Visual Studio Solution File, Format Version 12.00
# Visual Studio 15
VisualStudioVersion = 15.0.28306.52
MinimumVisualStudioVersion = 10.0.40219.1
Project("{FAE04EC0-301F-11D3-BF4B-00C04F79EFBC}") = "PracticeWork4Task3", "PracticeWork4Task3\PracticeWork4Task3.csproj", "{A44B0A6D-E238-4CB6-AEBB-034ECF8546E5}"
EndProject
Global
	GlobalSection(SolutionConfigurationPlatforms) = preSolution
		Debug|Any CPU = Debug|Any CPU
		Release|Any CPU = Release|Any CPU
	EndGlobalSection
	GlobalSection(ProjectConfigurationPlatforms) = postSolution
		{A44B0A6D-E238-4CB6-AEBB-034ECF8546E5}.Debug|Any CPU.ActiveCfg = Debug|Any CPU
		{A44B0A6D-E238-4CB6-AEBB-034ECF8546E5}.Debug|Any CPU.Build.0 = Debug|Any CPU
		{A44B0A6D-E238-4CB6-AEBB-034ECF8546E5}.Release|Any CPU.ActiveCfg = Release|Any CPU
		{A44B0A6D-E238-4CB6-AEBB-034ECF8546E5}.Release|Any CPU.Build.0 = Release|Any CPU
	EndGlobalSection
	GlobalSection(SolutionProperties) = preSolution
		HideSolutionNode = FALSE
	EndGlobalSection
	GlobalSection(ExtensibilityGlobals) = postSolution
		SolutionGuid = {0C240E2F-0E3A-413A-8694-610683E75310}
	EndGlobalSection
EndGlobal
